// !$*UTF8*$!
{
	archiveVersion = 1;
	classes = {
	};
	objectVersion = 46;
	objects = {

/* Begin PBXBuildFile section */
		29BFBDA1B289C93A36E9EF12 /* Pods_Pomodoro_Flow.framework in Frameworks */ = {isa = PBXBuildFile; fileRef = 097A8E7D1D25EEE2B52FFEFE /* Pods_Pomodoro_Flow.framework */; };
		373799491B49DB6E0025260A /* SettingsViewController.swift in Sources */ = {isa = PBXBuildFile; fileRef = 373799481B49DB6E0025260A /* SettingsViewController.swift */; };
		3737994B1B4ABA160025260A /* Settings.swift in Sources */ = {isa = PBXBuildFile; fileRef = 3737994A1B4ABA160025260A /* Settings.swift */; };
		3737994D1B4B01250025260A /* PickerViewController.swift in Sources */ = {isa = PBXBuildFile; fileRef = 3737994C1B4B01250025260A /* PickerViewController.swift */; };
		3737994F1B4C153B0025260A /* PickerType.swift in Sources */ = {isa = PBXBuildFile; fileRef = 3737994E1B4C153B0025260A /* PickerType.swift */; };
		373BD3DB1C9B095A001C9790 /* UIColor+PomodoroFlow.swift in Sources */ = {isa = PBXBuildFile; fileRef = 373BD3DA1C9B095A001C9790 /* UIColor+PomodoroFlow.swift */; };
		375347351B3AFF010089AB7F /* AppDelegate.swift in Sources */ = {isa = PBXBuildFile; fileRef = 375347341B3AFF010089AB7F /* AppDelegate.swift */; };
		375347371B3AFF010089AB7F /* TimerViewController.swift in Sources */ = {isa = PBXBuildFile; fileRef = 375347361B3AFF010089AB7F /* TimerViewController.swift */; };
		3753473C1B3AFF010089AB7F /* Main.storyboard in Resources */ = {isa = PBXBuildFile; fileRef = 3753473A1B3AFF010089AB7F /* Main.storyboard */; };
		3753473E1B3AFF010089AB7F /* Images.xcassets in Resources */ = {isa = PBXBuildFile; fileRef = 3753473D1B3AFF010089AB7F /* Images.xcassets */; };
		375347411B3AFF010089AB7F /* LaunchScreen.xib in Resources */ = {isa = PBXBuildFile; fileRef = 3753473F1B3AFF010089AB7F /* LaunchScreen.xib */; };
		3753474D1B3AFF010089AB7F /* Pomodoro_FlowTests.swift in Sources */ = {isa = PBXBuildFile; fileRef = 3753474C1B3AFF010089AB7F /* Pomodoro_FlowTests.swift */; };
		375850261B3B50B0005628A0 /* EmptyRoundedButton.swift in Sources */ = {isa = PBXBuildFile; fileRef = 375850251B3B50B0005628A0 /* EmptyRoundedButton.swift */; };
		375850281B3B5B4A005628A0 /* RoundedButton.swift in Sources */ = {isa = PBXBuildFile; fileRef = 375850271B3B5B4A005628A0 /* RoundedButton.swift */; };
		376795701B52DDDD007E6CBC /* Scheduler.swift in Sources */ = {isa = PBXBuildFile; fileRef = 3767956F1B52DDDD007E6CBC /* Scheduler.swift */; };
		378192051B40682D0016375D /* EmptyCell.swift in Sources */ = {isa = PBXBuildFile; fileRef = 378192041B40682D0016375D /* EmptyCell.swift */; };
		37D94EE91CE6EBD60002D441 /* TimerViewModel.swift in Sources */ = {isa = PBXBuildFile; fileRef = 37D94EE81CE6EBD60002D441 /* TimerViewModel.swift */; };
		37EFAC071C94C40F00D1DC76 /* Pomodoro.swift in Sources */ = {isa = PBXBuildFile; fileRef = 37EFAC061C94C40F00D1DC76 /* Pomodoro.swift */; };
		37EFAC091C94C83200D1DC76 /* State.swift in Sources */ = {isa = PBXBuildFile; fileRef = 37EFAC081C94C83200D1DC76 /* State.swift */; };
/* End PBXBuildFile section */

/* Begin PBXContainerItemProxy section */
		375347471B3AFF010089AB7F /* PBXContainerItemProxy */ = {
			isa = PBXContainerItemProxy;
			containerPortal = 375347271B3AFF010089AB7F /* Project object */;
			proxyType = 1;
			remoteGlobalIDString = 3753472E1B3AFF010089AB7F;
			remoteInfo = "Pomodoro Flow";
		};
/* End PBXContainerItemProxy section */

/* Begin PBXFileReference section */
		097A8E7D1D25EEE2B52FFEFE /* Pods_Pomodoro_Flow.framework */ = {isa = PBXFileReference; explicitFileType = wrapper.framework; includeInIndex = 0; path = Pods_Pomodoro_Flow.framework; sourceTree = BUILT_PRODUCTS_DIR; };
		373799481B49DB6E0025260A /* SettingsViewController.swift */ = {isa = PBXFileReference; fileEncoding = 4; lastKnownFileType = sourcecode.swift; path = SettingsViewController.swift; sourceTree = "<group>"; };
		3737994A1B4ABA160025260A /* Settings.swift */ = {isa = PBXFileReference; fileEncoding = 4; lastKnownFileType = sourcecode.swift; path = Settings.swift; sourceTree = "<group>"; };
		3737994C1B4B01250025260A /* PickerViewController.swift */ = {isa = PBXFileReference; fileEncoding = 4; lastKnownFileType = sourcecode.swift; path = PickerViewController.swift; sourceTree = "<group>"; };
		3737994E1B4C153B0025260A /* PickerType.swift */ = {isa = PBXFileReference; fileEncoding = 4; lastKnownFileType = sourcecode.swift; path = PickerType.swift; sourceTree = "<group>"; };
		373BD3DA1C9B095A001C9790 /* UIColor+PomodoroFlow.swift */ = {isa = PBXFileReference; fileEncoding = 4; lastKnownFileType = sourcecode.swift; path = "UIColor+PomodoroFlow.swift"; sourceTree = "<group>"; };
		3753472F1B3AFF010089AB7F /* Pomodoro Flow.app */ = {isa = PBXFileReference; explicitFileType = wrapper.application; includeInIndex = 0; path = "Pomodoro Flow.app"; sourceTree = BUILT_PRODUCTS_DIR; };
		375347331B3AFF010089AB7F /* Info.plist */ = {isa = PBXFileReference; lastKnownFileType = text.plist.xml; path = Info.plist; sourceTree = "<group>"; };
		375347341B3AFF010089AB7F /* AppDelegate.swift */ = {isa = PBXFileReference; lastKnownFileType = sourcecode.swift; lineEnding = 0; path = AppDelegate.swift; sourceTree = "<group>"; xcLanguageSpecificationIdentifier = xcode.lang.swift; };
		375347361B3AFF010089AB7F /* TimerViewController.swift */ = {isa = PBXFileReference; lastKnownFileType = sourcecode.swift; lineEnding = 0; path = TimerViewController.swift; sourceTree = "<group>"; xcLanguageSpecificationIdentifier = xcode.lang.swift; };
		3753473B1B3AFF010089AB7F /* Base */ = {isa = PBXFileReference; lastKnownFileType = file.storyboard; name = Base; path = Base.lproj/Main.storyboard; sourceTree = "<group>"; };
		3753473D1B3AFF010089AB7F /* Images.xcassets */ = {isa = PBXFileReference; lastKnownFileType = folder.assetcatalog; path = Images.xcassets; sourceTree = "<group>"; };
		375347401B3AFF010089AB7F /* Base */ = {isa = PBXFileReference; lastKnownFileType = file.xib; name = Base; path = Base.lproj/LaunchScreen.xib; sourceTree = "<group>"; };
		375347461B3AFF010089AB7F /* Pomodoro FlowTests.xctest */ = {isa = PBXFileReference; explicitFileType = wrapper.cfbundle; includeInIndex = 0; path = "Pomodoro FlowTests.xctest"; sourceTree = BUILT_PRODUCTS_DIR; };
		3753474B1B3AFF010089AB7F /* Info.plist */ = {isa = PBXFileReference; lastKnownFileType = text.plist.xml; path = Info.plist; sourceTree = "<group>"; };
		3753474C1B3AFF010089AB7F /* Pomodoro_FlowTests.swift */ = {isa = PBXFileReference; lastKnownFileType = sourcecode.swift; path = Pomodoro_FlowTests.swift; sourceTree = "<group>"; };
		375850251B3B50B0005628A0 /* EmptyRoundedButton.swift */ = {isa = PBXFileReference; fileEncoding = 4; lastKnownFileType = sourcecode.swift; path = EmptyRoundedButton.swift; sourceTree = "<group>"; };
		375850271B3B5B4A005628A0 /* RoundedButton.swift */ = {isa = PBXFileReference; fileEncoding = 4; lastKnownFileType = sourcecode.swift; path = RoundedButton.swift; sourceTree = "<group>"; };
		3767956F1B52DDDD007E6CBC /* Scheduler.swift */ = {isa = PBXFileReference; fileEncoding = 4; lastKnownFileType = sourcecode.swift; lineEnding = 0; path = Scheduler.swift; sourceTree = "<group>"; xcLanguageSpecificationIdentifier = xcode.lang.swift; };
		378192041B40682D0016375D /* EmptyCell.swift */ = {isa = PBXFileReference; fileEncoding = 4; lastKnownFileType = sourcecode.swift; path = EmptyCell.swift; sourceTree = "<group>"; };
		37D94EE81CE6EBD60002D441 /* TimerViewModel.swift */ = {isa = PBXFileReference; fileEncoding = 4; lastKnownFileType = sourcecode.swift; path = TimerViewModel.swift; sourceTree = "<group>"; };
		37EFAC061C94C40F00D1DC76 /* Pomodoro.swift */ = {isa = PBXFileReference; fileEncoding = 4; lastKnownFileType = sourcecode.swift; path = Pomodoro.swift; sourceTree = "<group>"; };
		37EFAC081C94C83200D1DC76 /* State.swift */ = {isa = PBXFileReference; fileEncoding = 4; lastKnownFileType = sourcecode.swift; path = State.swift; sourceTree = "<group>"; };
		5B43FE0B827FE99F5F87EAB3 /* Pods-Pomodoro Flow.release.xcconfig */ = {isa = PBXFileReference; includeInIndex = 1; lastKnownFileType = text.xcconfig; name = "Pods-Pomodoro Flow.release.xcconfig"; path = "Pods/Target Support Files/Pods-Pomodoro Flow/Pods-Pomodoro Flow.release.xcconfig"; sourceTree = "<group>"; };
		8F62B83C60C20456A013C69B /* Pods_Pomodoro_FlowTests.framework */ = {isa = PBXFileReference; explicitFileType = wrapper.framework; includeInIndex = 0; path = Pods_Pomodoro_FlowTests.framework; sourceTree = BUILT_PRODUCTS_DIR; };
		B1B894F05DDC9ACDD98D2AC2 /* Pods-Pomodoro Flow.debug.xcconfig */ = {isa = PBXFileReference; includeInIndex = 1; lastKnownFileType = text.xcconfig; name = "Pods-Pomodoro Flow.debug.xcconfig"; path = "Pods/Target Support Files/Pods-Pomodoro Flow/Pods-Pomodoro Flow.debug.xcconfig"; sourceTree = "<group>"; };
/* End PBXFileReference section */

/* Begin PBXFrameworksBuildPhase section */
		3753472C1B3AFF010089AB7F /* Frameworks */ = {
			isa = PBXFrameworksBuildPhase;
			buildActionMask = 2147483647;
			files = (
				29BFBDA1B289C93A36E9EF12 /* Pods_Pomodoro_Flow.framework in Frameworks */,
			);
			runOnlyForDeploymentPostprocessing = 0;
		};
		375347431B3AFF010089AB7F /* Frameworks */ = {
			isa = PBXFrameworksBuildPhase;
			buildActionMask = 2147483647;
			files = (
			);
			runOnlyForDeploymentPostprocessing = 0;
		};
/* End PBXFrameworksBuildPhase section */

/* Begin PBXGroup section */
		375347261B3AFF010089AB7F = {
			isa = PBXGroup;
			children = (
				375347311B3AFF010089AB7F /* Pomodoro Flow */,
				375347491B3AFF010089AB7F /* Pomodoro FlowTests */,
				375347301B3AFF010089AB7F /* Products */,
				758948839EC14946B44C6EED /* Pods */,
				4016DC3CBE481E5495214F98 /* Frameworks */,
			);
			sourceTree = "<group>";
		};
		375347301B3AFF010089AB7F /* Products */ = {
			isa = PBXGroup;
			children = (
				3753472F1B3AFF010089AB7F /* Pomodoro Flow.app */,
				375347461B3AFF010089AB7F /* Pomodoro FlowTests.xctest */,
			);
			name = Products;
			sourceTree = "<group>";
		};
		375347311B3AFF010089AB7F /* Pomodoro Flow */ = {
			isa = PBXGroup;
			children = (
				37FE4A8D1B5289D200280C97 /* Model */,
				37FE4A8C1B5289BE00280C97 /* Controller */,
				37FE4A8B1B5289A600280C97 /* View */,
				375347321B3AFF010089AB7F /* Supporting Files */,
			);
			path = "Pomodoro Flow";
			sourceTree = "<group>";
		};
		375347321B3AFF010089AB7F /* Supporting Files */ = {
			isa = PBXGroup;
			children = (
				375347341B3AFF010089AB7F /* AppDelegate.swift */,
				3753473D1B3AFF010089AB7F /* Images.xcassets */,
				375347331B3AFF010089AB7F /* Info.plist */,
				3753473F1B3AFF010089AB7F /* LaunchScreen.xib */,
				373BD3DA1C9B095A001C9790 /* UIColor+PomodoroFlow.swift */,
			);
			name = "Supporting Files";
			sourceTree = "<group>";
		};
		375347491B3AFF010089AB7F /* Pomodoro FlowTests */ = {
			isa = PBXGroup;
			children = (
				3753474C1B3AFF010089AB7F /* Pomodoro_FlowTests.swift */,
				3753474A1B3AFF010089AB7F /* Supporting Files */,
			);
			path = "Pomodoro FlowTests";
			sourceTree = "<group>";
		};
		3753474A1B3AFF010089AB7F /* Supporting Files */ = {
			isa = PBXGroup;
			children = (
				3753474B1B3AFF010089AB7F /* Info.plist */,
			);
			name = "Supporting Files";
			sourceTree = "<group>";
		};
		37FE4A8B1B5289A600280C97 /* View */ = {
			isa = PBXGroup;
			children = (
				3753473A1B3AFF010089AB7F /* Main.storyboard */,
				375850251B3B50B0005628A0 /* EmptyRoundedButton.swift */,
				375850271B3B5B4A005628A0 /* RoundedButton.swift */,
				378192041B40682D0016375D /* EmptyCell.swift */,
			);
			name = View;
			sourceTree = "<group>";
		};
		37FE4A8C1B5289BE00280C97 /* Controller */ = {
			isa = PBXGroup;
			children = (
				375347361B3AFF010089AB7F /* TimerViewController.swift */,
				373799481B49DB6E0025260A /* SettingsViewController.swift */,
				3737994C1B4B01250025260A /* PickerViewController.swift */,
				37D94EE81CE6EBD60002D441 /* TimerViewModel.swift */,
			);
			name = Controller;
			sourceTree = "<group>";
		};
		37FE4A8D1B5289D200280C97 /* Model */ = {
			isa = PBXGroup;
			children = (
				3737994A1B4ABA160025260A /* Settings.swift */,
				3737994E1B4C153B0025260A /* PickerType.swift */,
				3767956F1B52DDDD007E6CBC /* Scheduler.swift */,
				37EFAC061C94C40F00D1DC76 /* Pomodoro.swift */,
				37EFAC081C94C83200D1DC76 /* State.swift */,
			);
			name = Model;
			sourceTree = "<group>";
		};
		4016DC3CBE481E5495214F98 /* Frameworks */ = {
			isa = PBXGroup;
			children = (
				097A8E7D1D25EEE2B52FFEFE /* Pods_Pomodoro_Flow.framework */,
				8F62B83C60C20456A013C69B /* Pods_Pomodoro_FlowTests.framework */,
			);
			name = Frameworks;
			sourceTree = "<group>";
		};
		758948839EC14946B44C6EED /* Pods */ = {
			isa = PBXGroup;
			children = (
				B1B894F05DDC9ACDD98D2AC2 /* Pods-Pomodoro Flow.debug.xcconfig */,
				5B43FE0B827FE99F5F87EAB3 /* Pods-Pomodoro Flow.release.xcconfig */,
			);
			name = Pods;
			sourceTree = "<group>";
		};
/* End PBXGroup section */

/* Begin PBXNativeTarget section */
		3753472E1B3AFF010089AB7F /* Pomodoro Flow */ = {
			isa = PBXNativeTarget;
			buildConfigurationList = 375347501B3AFF010089AB7F /* Build configuration list for PBXNativeTarget "Pomodoro Flow" */;
			buildPhases = (
				39AB0E80F44E8F4D12F1CB50 /* [CP] Check Pods Manifest.lock */,
				3753472B1B3AFF010089AB7F /* Sources */,
				3753472C1B3AFF010089AB7F /* Frameworks */,
				3753472D1B3AFF010089AB7F /* Resources */,
				E3122E6D8A52E8E226F44431 /* [CP] Embed Pods Frameworks */,
				67909DA09B3EA8444E4A1678 /* [CP] Copy Pods Resources */,
			);
			buildRules = (
			);
			dependencies = (
			);
			name = "Pomodoro Flow";
			productName = "Pomodoro Flow";
			productReference = 3753472F1B3AFF010089AB7F /* Pomodoro Flow.app */;
			productType = "com.apple.product-type.application";
		};
		375347451B3AFF010089AB7F /* Pomodoro FlowTests */ = {
			isa = PBXNativeTarget;
			buildConfigurationList = 375347531B3AFF010089AB7F /* Build configuration list for PBXNativeTarget "Pomodoro FlowTests" */;
			buildPhases = (
				375347421B3AFF010089AB7F /* Sources */,
				375347431B3AFF010089AB7F /* Frameworks */,
				375347441B3AFF010089AB7F /* Resources */,
			);
			buildRules = (
			);
			dependencies = (
				375347481B3AFF010089AB7F /* PBXTargetDependency */,
			);
			name = "Pomodoro FlowTests";
			productName = "Pomodoro FlowTests";
			productReference = 375347461B3AFF010089AB7F /* Pomodoro FlowTests.xctest */;
			productType = "com.apple.product-type.bundle.unit-test";
		};
/* End PBXNativeTarget section */

/* Begin PBXProject section */
		375347271B3AFF010089AB7F /* Project object */ = {
			isa = PBXProject;
			attributes = {
				LastSwiftMigration = 0700;
				LastSwiftUpdateCheck = 0700;
				LastUpgradeCheck = 0700;
				ORGANIZATIONNAME = "Dan K.";
				TargetAttributes = {
					3753472E1B3AFF010089AB7F = {
						CreatedOnToolsVersion = 6.3.2;
						DevelopmentTeam = Z9SY9LHRWJ;
						LastSwiftMigration = 0810;
						SystemCapabilities = {
							com.apple.Wallet = {
								enabled = 0;
							};
						};
					};
					375347451B3AFF010089AB7F = {
						CreatedOnToolsVersion = 6.3.2;
						LastSwiftMigration = 0810;
						TestTargetID = 3753472E1B3AFF010089AB7F;
					};
				};
			};
			buildConfigurationList = 3753472A1B3AFF010089AB7F /* Build configuration list for PBXProject "Pomodoro Flow" */;
			compatibilityVersion = "Xcode 3.2";
			developmentRegion = English;
			hasScannedForEncodings = 0;
			knownRegions = (
				en,
				Base,
			);
			mainGroup = 375347261B3AFF010089AB7F;
			productRefGroup = 375347301B3AFF010089AB7F /* Products */;
			projectDirPath = "";
			projectRoot = "";
			targets = (
				3753472E1B3AFF010089AB7F /* Pomodoro Flow */,
				375347451B3AFF010089AB7F /* Pomodoro FlowTests */,
			);
		};
/* End PBXProject section */

/* Begin PBXResourcesBuildPhase section */
		3753472D1B3AFF010089AB7F /* Resources */ = {
			isa = PBXResourcesBuildPhase;
			buildActionMask = 2147483647;
			files = (
				3753473C1B3AFF010089AB7F /* Main.storyboard in Resources */,
				375347411B3AFF010089AB7F /* LaunchScreen.xib in Resources */,
				3753473E1B3AFF010089AB7F /* Images.xcassets in Resources */,
			);
			runOnlyForDeploymentPostprocessing = 0;
		};
		375347441B3AFF010089AB7F /* Resources */ = {
			isa = PBXResourcesBuildPhase;
			buildActionMask = 2147483647;
			files = (
			);
			runOnlyForDeploymentPostprocessing = 0;
		};
/* End PBXResourcesBuildPhase section */

/* Begin PBXShellScriptBuildPhase section */
		39AB0E80F44E8F4D12F1CB50 /* [CP] Check Pods Manifest.lock */ = {
			isa = PBXShellScriptBuildPhase;
			buildActionMask = 2147483647;
			files = (
			);
			inputPaths = (
			);
			name = "[CP] Check Pods Manifest.lock";
			outputPaths = (
			);
			runOnlyForDeploymentPostprocessing = 0;
			shellPath = /bin/sh;
			shellScript = "diff \"${PODS_ROOT}/../Podfile.lock\" \"${PODS_ROOT}/Manifest.lock\" > /dev/null\nif [ $? != 0 ] ; then\n    # print error to STDERR\n    echo \"error: The sandbox is not in sync with the Podfile.lock. Run 'pod install' or update your CocoaPods installation.\" >&2\n    exit 1\nfi\n";
			showEnvVarsInLog = 0;
		};
		67909DA09B3EA8444E4A1678 /* [CP] Copy Pods Resources */ = {
			isa = PBXShellScriptBuildPhase;
			buildActionMask = 2147483647;
			files = (
			);
			inputPaths = (
			);
			name = "[CP] Copy Pods Resources";
			outputPaths = (
			);
			runOnlyForDeploymentPostprocessing = 0;
			shellPath = /bin/sh;
			shellScript = "\"${SRCROOT}/Pods/Target Support Files/Pods-Pomodoro Flow/Pods-Pomodoro Flow-resources.sh\"\n";
			showEnvVarsInLog = 0;
		};
		E3122E6D8A52E8E226F44431 /* [CP] Embed Pods Frameworks */ = {
			isa = PBXShellScriptBuildPhase;
			buildActionMask = 2147483647;
			files = (
			);
			inputPaths = (
			);
			name = "[CP] Embed Pods Frameworks";
			outputPaths = (
			);
			runOnlyForDeploymentPostprocessing = 0;
			shellPath = /bin/sh;
			shellScript = "\"${SRCROOT}/Pods/Target Support Files/Pods-Pomodoro Flow/Pods-Pomodoro Flow-frameworks.sh\"\n";
			showEnvVarsInLog = 0;
		};
/* End PBXShellScriptBuildPhase section */

/* Begin PBXSourcesBuildPhase section */
		3753472B1B3AFF010089AB7F /* Sources */ = {
			isa = PBXSourcesBuildPhase;
			buildActionMask = 2147483647;
			files = (
				37D94EE91CE6EBD60002D441 /* TimerViewModel.swift in Sources */,
				3737994F1B4C153B0025260A /* PickerType.swift in Sources */,
				375850281B3B5B4A005628A0 /* RoundedButton.swift in Sources */,
				373799491B49DB6E0025260A /* SettingsViewController.swift in Sources */,
				373BD3DB1C9B095A001C9790 /* UIColor+PomodoroFlow.swift in Sources */,
				3737994D1B4B01250025260A /* PickerViewController.swift in Sources */,
				37EFAC071C94C40F00D1DC76 /* Pomodoro.swift in Sources */,
				375347351B3AFF010089AB7F /* AppDelegate.swift in Sources */,
				3737994B1B4ABA160025260A /* Settings.swift in Sources */,
				375347371B3AFF010089AB7F /* TimerViewController.swift in Sources */,
				37EFAC091C94C83200D1DC76 /* State.swift in Sources */,
				375850261B3B50B0005628A0 /* EmptyRoundedButton.swift in Sources */,
				376795701B52DDDD007E6CBC /* Scheduler.swift in Sources */,
				378192051B40682D0016375D /* EmptyCell.swift in Sources */,
			);
			runOnlyForDeploymentPostprocessing = 0;
		};
		375347421B3AFF010089AB7F /* Sources */ = {
			isa = PBXSourcesBuildPhase;
			buildActionMask = 2147483647;
			files = (
				3753474D1B3AFF010089AB7F /* Pomodoro_FlowTests.swift in Sources */,
			);
			runOnlyForDeploymentPostprocessing = 0;
		};
/* End PBXSourcesBuildPhase section */

/* Begin PBXTargetDependency section */
		375347481B3AFF010089AB7F /* PBXTargetDependency */ = {
			isa = PBXTargetDependency;
			target = 3753472E1B3AFF010089AB7F /* Pomodoro Flow */;
			targetProxy = 375347471B3AFF010089AB7F /* PBXContainerItemProxy */;
		};
/* End PBXTargetDependency section */

/* Begin PBXVariantGroup section */
		3753473A1B3AFF010089AB7F /* Main.storyboard */ = {
			isa = PBXVariantGroup;
			children = (
				3753473B1B3AFF010089AB7F /* Base */,
			);
			name = Main.storyboard;
			sourceTree = "<group>";
		};
		3753473F1B3AFF010089AB7F /* LaunchScreen.xib */ = {
			isa = PBXVariantGroup;
			children = (
				375347401B3AFF010089AB7F /* Base */,
			);
			name = LaunchScreen.xib;
			sourceTree = "<group>";
		};
/* End PBXVariantGroup section */

/* Begin XCBuildConfiguration section */
		3753474E1B3AFF010089AB7F /* Debug */ = {
			isa = XCBuildConfiguration;
			buildSettings = {
				ALWAYS_SEARCH_USER_PATHS = NO;
				CLANG_CXX_LANGUAGE_STANDARD = "gnu++0x";
				CLANG_CXX_LIBRARY = "libc++";
				CLANG_ENABLE_MODULES = YES;
				CLANG_ENABLE_OBJC_ARC = YES;
				CLANG_WARN_BOOL_CONVERSION = YES;
				CLANG_WARN_CONSTANT_CONVERSION = YES;
				CLANG_WARN_DIRECT_OBJC_ISA_USAGE = YES_ERROR;
				CLANG_WARN_EMPTY_BODY = YES;
				CLANG_WARN_ENUM_CONVERSION = YES;
				CLANG_WARN_INT_CONVERSION = YES;
				CLANG_WARN_OBJC_ROOT_CLASS = YES_ERROR;
				CLANG_WARN_UNREACHABLE_CODE = YES;
				CLANG_WARN__DUPLICATE_METHOD_MATCH = YES;
				"CODE_SIGN_IDENTITY[sdk=iphoneos*]" = "iPhone Developer";
				COPY_PHASE_STRIP = NO;
				DEBUG_INFORMATION_FORMAT = "dwarf-with-dsym";
				ENABLE_STRICT_OBJC_MSGSEND = YES;
				ENABLE_TESTABILITY = YES;
				GCC_C_LANGUAGE_STANDARD = gnu99;
				GCC_DYNAMIC_NO_PIC = NO;
				GCC_NO_COMMON_BLOCKS = YES;
				GCC_OPTIMIZATION_LEVEL = 0;
				GCC_PREPROCESSOR_DEFINITIONS = (
					"DEBUG=1",
					"$(inherited)",
				);
				GCC_SYMBOLS_PRIVATE_EXTERN = NO;
				GCC_WARN_64_TO_32_BIT_CONVERSION = YES;
				GCC_WARN_ABOUT_RETURN_TYPE = YES_ERROR;
				GCC_WARN_UNDECLARED_SELECTOR = YES;
				GCC_WARN_UNINITIALIZED_AUTOS = YES_AGGRESSIVE;
				GCC_WARN_UNUSED_FUNCTION = YES;
				GCC_WARN_UNUSED_VARIABLE = YES;
				IPHONEOS_DEPLOYMENT_TARGET = 8.3;
				MTL_ENABLE_DEBUG_INFO = YES;
				ONLY_ACTIVE_ARCH = YES;
				SDKROOT = iphoneos;
				SWIFT_OPTIMIZATION_LEVEL = "-Onone";
			};
			name = Debug;
		};
		3753474F1B3AFF010089AB7F /* Release */ = {
			isa = XCBuildConfiguration;
			buildSettings = {
				ALWAYS_SEARCH_USER_PATHS = NO;
				CLANG_CXX_LANGUAGE_STANDARD = "gnu++0x";
				CLANG_CXX_LIBRARY = "libc++";
				CLANG_ENABLE_MODULES = YES;
				CLANG_ENABLE_OBJC_ARC = YES;
				CLANG_WARN_BOOL_CONVERSION = YES;
				CLANG_WARN_CONSTANT_CONVERSION = YES;
				CLANG_WARN_DIRECT_OBJC_ISA_USAGE = YES_ERROR;
				CLANG_WARN_EMPTY_BODY = YES;
				CLANG_WARN_ENUM_CONVERSION = YES;
				CLANG_WARN_INT_CONVERSION = YES;
				CLANG_WARN_OBJC_ROOT_CLASS = YES_ERROR;
				CLANG_WARN_UNREACHABLE_CODE = YES;
				CLANG_WARN__DUPLICATE_METHOD_MATCH = YES;
				"CODE_SIGN_IDENTITY[sdk=iphoneos*]" = "iPhone Developer";
				COPY_PHASE_STRIP = NO;
				DEBUG_INFORMATION_FORMAT = "dwarf-with-dsym";
				ENABLE_NS_ASSERTIONS = NO;
				ENABLE_STRICT_OBJC_MSGSEND = YES;
				GCC_C_LANGUAGE_STANDARD = gnu99;
				GCC_NO_COMMON_BLOCKS = YES;
				GCC_WARN_64_TO_32_BIT_CONVERSION = YES;
				GCC_WARN_ABOUT_RETURN_TYPE = YES_ERROR;
				GCC_WARN_UNDECLARED_SELECTOR = YES;
				GCC_WARN_UNINITIALIZED_AUTOS = YES_AGGRESSIVE;
				GCC_WARN_UNUSED_FUNCTION = YES;
				GCC_WARN_UNUSED_VARIABLE = YES;
				IPHONEOS_DEPLOYMENT_TARGET = 8.3;
				MTL_ENABLE_DEBUG_INFO = NO;
				SDKROOT = iphoneos;
				VALIDATE_PRODUCT = YES;
			};
			name = Release;
		};
		375347511B3AFF010089AB7F /* Debug */ = {
			isa = XCBuildConfiguration;
			baseConfigurationReference = B1B894F05DDC9ACDD98D2AC2 /* Pods-Pomodoro Flow.debug.xcconfig */;
			buildSettings = {
				ASSETCATALOG_COMPILER_APPICON_NAME = AppIcon;
				CODE_SIGN_IDENTITY = "iPhone Developer";
				"CODE_SIGN_IDENTITY[sdk=iphoneos*]" = "iPhone Developer";
				DEVELOPMENT_TEAM = Z9SY9LHRWJ;
				INFOPLIST_FILE = "Pomodoro Flow/Info.plist";
				IPHONEOS_DEPLOYMENT_TARGET = 9.0;
				LD_RUNPATH_SEARCH_PATHS = "$(inherited) @executable_path/Frameworks";
				PRODUCT_BUNDLE_IDENTIFIER = co.itsdn.PomodoroFlow;
				PRODUCT_NAME = "$(TARGET_NAME)";
				PROVISIONING_PROFILE = "";
				SWIFT_VERSION = 3.0;
			};
			name = Debug;
		};
		375347521B3AFF010089AB7F /* Release */ = {
			isa = XCBuildConfiguration;
			baseConfigurationReference = 5B43FE0B827FE99F5F87EAB3 /* Pods-Pomodoro Flow.release.xcconfig */;
			buildSettings = {
				ASSETCATALOG_COMPILER_APPICON_NAME = AppIcon;
				CODE_SIGN_IDENTITY = "iPhone Developer";
				"CODE_SIGN_IDENTITY[sdk=iphoneos*]" = "iPhone Developer";
				DEVELOPMENT_TEAM = Z9SY9LHRWJ;
				INFOPLIST_FILE = "Pomodoro Flow/Info.plist";
				IPHONEOS_DEPLOYMENT_TARGET = 9.0;
				LD_RUNPATH_SEARCH_PATHS = "$(inherited) @executable_path/Frameworks";
				PRODUCT_BUNDLE_IDENTIFIER = co.itsdn.PomodoroFlow;
				PRODUCT_NAME = "$(TARGET_NAME)";
				PROVISIONING_PROFILE = "";
				SWIFT_VERSION = 3.0;
			};
			name = Release;
		};
		375347541B3AFF010089AB7F /* Debug */ = {
			isa = XCBuildConfiguration;
			buildSettings = {
				BUNDLE_LOADER = "$(TEST_HOST)";
				DEBUG_INFORMATION_FORMAT = dwarf;
				GCC_PREPROCESSOR_DEFINITIONS = (
					"DEBUG=1",
					"$(inherited)",
				);
				INFOPLIST_FILE = "Pomodoro FlowTests/Info.plist";
				LD_RUNPATH_SEARCH_PATHS = "$(inherited) @executable_path/Frameworks @loader_path/Frameworks";
				PRODUCT_BUNDLE_IDENTIFIER = "me.itsdan.$(PRODUCT_NAME:rfc1034identifier)";
				PRODUCT_NAME = "$(TARGET_NAME)";
				SWIFT_VERSION = 3.0;
				TEST_HOST = "$(BUILT_PRODUCTS_DIR)/Pomodoro Flow.app/Pomodoro Flow";
			};
			name = Debug;
		};
		375347551B3AFF010089AB7F /* Release */ = {
			isa = XCBuildConfiguration;
			buildSettings = {
				BUNDLE_LOADER = "$(TEST_HOST)";
				INFOPLIST_FILE = "Pomodoro FlowTests/Info.plist";
				LD_RUNPATH_SEARCH_PATHS = "$(inherited) @executable_path/Frameworks @loader_path/Frameworks";
				PRODUCT_BUNDLE_IDENTIFIER = "me.itsdan.$(PRODUCT_NAME:rfc1034identifier)";
				PRODUCT_NAME = "$(TARGET_NAME)";
				SWIFT_VERSION = 3.0;
				TEST_HOST = "$(BUILT_PRODUCTS_DIR)/Pomodoro Flow.app/Pomodoro Flow";
			};
			name = Release;
		};
/* End XCBuildConfiguration section */

/* Begin XCConfigurationList section */
		3753472A1B3AFF010089AB7F /* Build configuration list for PBXProject "Pomodoro Flow" */ = {
			isa = XCConfigurationList;
			buildConfigurations = (
				3753474E1B3AFF010089AB7F /* Debug */,
				3753474F1B3AFF010089AB7F /* Release */,
			);
			defaultConfigurationIsVisible = 0;
			defaultConfigurationName = Release;
		};
		375347501B3AFF010089AB7F /* Build configuration list for PBXNativeTarget "Pomodoro Flow" */ = {
			isa = XCConfigurationList;
			buildConfigurations = (
				375347511B3AFF010089AB7F /* Debug */,
				375347521B3AFF010089AB7F /* Release */,
			);
			defaultConfigurationIsVisible = 0;
			defaultConfigurationName = Release;
		};
		375347531B3AFF010089AB7F /* Build configuration list for PBXNativeTarget "Pomodoro FlowTests" */ = {
			isa = XCConfigurationList;
			buildConfigurations = (
				375347541B3AFF010089AB7F /* Debug */,
				375347551B3AFF010089AB7F /* Release */,
			);
			defaultConfigurationIsVisible = 0;
			defaultConfigurationName = Release;
		};
/* End XCConfigurationList section */
	};
	rootObject = 375347271B3AFF010089AB7F /* Project object */;
}
