// !$*UTF8*$!
{
	archiveVersion = 1;
	classes = {
	};
	objectVersion = 56;
	objects = {

/* Begin PBXBuildFile section */
		373799491B49DB6E0025260A /* SettingsViewController.swift in Sources */ = {isa = PBXBuildFile; fileRef = 373799481B49DB6E0025260A /* SettingsViewController.swift */; };
		3737994B1B4ABA160025260A /* SettingsManager.swift in Sources */ = {isa = PBXBuildFile; fileRef = 3737994A1B4ABA160025260A /* SettingsManager.swift */; };
		3737994D1B4B01250025260A /* PickerViewController.swift in Sources */ = {isa = PBXBuildFile; fileRef = 3737994C1B4B01250025260A /* PickerViewController.swift */; };
		3737994F1B4C153B0025260A /* PickerType.swift in Sources */ = {isa = PBXBuildFile; fileRef = 3737994E1B4C153B0025260A /* PickerType.swift */; };
		375347351B3AFF010089AB7F /* AppDelegate.swift in Sources */ = {isa = PBXBuildFile; fileRef = 375347341B3AFF010089AB7F /* AppDelegate.swift */; };
		375347371B3AFF010089AB7F /* TimerViewController.swift in Sources */ = {isa = PBXBuildFile; fileRef = 375347361B3AFF010089AB7F /* TimerViewController.swift */; };
		3753473C1B3AFF010089AB7F /* Main.storyboard in Resources */ = {isa = PBXBuildFile; fileRef = 3753473A1B3AFF010089AB7F /* Main.storyboard */; };
		3753473E1B3AFF010089AB7F /* Assets.xcassets in Resources */ = {isa = PBXBuildFile; fileRef = 3753473D1B3AFF010089AB7F /* Assets.xcassets */; };
		375347411B3AFF010089AB7F /* LaunchScreen.xib in Resources */ = {isa = PBXBuildFile; fileRef = 3753473F1B3AFF010089AB7F /* LaunchScreen.xib */; };
		3767662B296E397100E7345E /* UIButton.Configuration+Extensions.swift in Sources */ = {isa = PBXBuildFile; fileRef = 3767662A296E397100E7345E /* UIButton.Configuration+Extensions.swift */; };
		3767662D296E3BBF00E7345E /* AnimatedButton.swift in Sources */ = {isa = PBXBuildFile; fileRef = 3767662C296E3BBF00E7345E /* AnimatedButton.swift */; };
		376795701B52DDDD007E6CBC /* Scheduler.swift in Sources */ = {isa = PBXBuildFile; fileRef = 3767956F1B52DDDD007E6CBC /* Scheduler.swift */; };
		3774E53A296799AF00BEAFBA /* SnapKit in Frameworks */ = {isa = PBXBuildFile; productRef = 3774E539296799AF00BEAFBA /* SnapKit */; };
		37B6EEAD296DD71A00467643 /* Colors.swift in Sources */ = {isa = PBXBuildFile; fileRef = 37B6EEAC296DD71A00467643 /* Colors.swift */; };
		37B6EEAF296E019F00467643 /* EmptyCell.swift in Sources */ = {isa = PBXBuildFile; fileRef = 37B6EEAE296E019F00467643 /* EmptyCell.swift */; };
		37B6EEB3296E26E800467643 /* SecondaryButton.swift in Sources */ = {isa = PBXBuildFile; fileRef = 37B6EEB2296E26E800467643 /* SecondaryButton.swift */; };
		37CBA52A296DABDD0043596C /* FilledCell.swift in Sources */ = {isa = PBXBuildFile; fileRef = 37CBA529296DABDD0043596C /* FilledCell.swift */; };
		37EFAC071C94C40F00D1DC76 /* Pomodoro.swift in Sources */ = {isa = PBXBuildFile; fileRef = 37EFAC061C94C40F00D1DC76 /* Pomodoro.swift */; };
		37EFAC091C94C83200D1DC76 /* TimerState.swift in Sources */ = {isa = PBXBuildFile; fileRef = 37EFAC081C94C83200D1DC76 /* TimerState.swift */; };
		37F0A0012A00000100AAA001 /* TimerTextView.swift in Sources */ = {isa = PBXBuildFile; fileRef = 37F0A0002A00000100AAA001 /* TimerTextView.swift */; };
		37F0A0042A00000100AAA004 /* SettingsView.swift in Sources */ = {isa = PBXBuildFile; fileRef = 37F0A0022A00000100AAA002 /* SettingsView.swift */; };
		37F0A0052A00000100AAA005 /* OptionSelectionView.swift in Sources */ = {isa = PBXBuildFile; fileRef = 37F0A0032A00000100AAA003 /* OptionSelectionView.swift */; };
/* End PBXBuildFile section */

/* Begin PBXFileReference section */
		373799481B49DB6E0025260A /* SettingsViewController.swift */ = {isa = PBXFileReference; fileEncoding = 4; lastKnownFileType = sourcecode.swift; path = SettingsViewController.swift; sourceTree = "<group>"; };
		3737994A1B4ABA160025260A /* SettingsManager.swift */ = {isa = PBXFileReference; fileEncoding = 4; lastKnownFileType = sourcecode.swift; path = SettingsManager.swift; sourceTree = "<group>"; };
		3737994C1B4B01250025260A /* PickerViewController.swift */ = {isa = PBXFileReference; fileEncoding = 4; lastKnownFileType = sourcecode.swift; path = PickerViewController.swift; sourceTree = "<group>"; };
		3737994E1B4C153B0025260A /* PickerType.swift */ = {isa = PBXFileReference; fileEncoding = 4; lastKnownFileType = sourcecode.swift; path = PickerType.swift; sourceTree = "<group>"; };
		3753472F1B3AFF010089AB7F /* Tomato Flow.app */ = {isa = PBXFileReference; explicitFileType = wrapper.application; includeInIndex = 0; path = "Tomato Flow.app"; sourceTree = BUILT_PRODUCTS_DIR; };
		375347331B3AFF010089AB7F /* Info.plist */ = {isa = PBXFileReference; lastKnownFileType = text.plist.xml; path = Info.plist; sourceTree = "<group>"; };
		375347341B3AFF010089AB7F /* AppDelegate.swift */ = {isa = PBXFileReference; lastKnownFileType = sourcecode.swift; lineEnding = 0; path = AppDelegate.swift; sourceTree = "<group>"; xcLanguageSpecificationIdentifier = xcode.lang.swift; };
		375347361B3AFF010089AB7F /* TimerViewController.swift */ = {isa = PBXFileReference; lastKnownFileType = sourcecode.swift; lineEnding = 0; path = TimerViewController.swift; sourceTree = "<group>"; xcLanguageSpecificationIdentifier = xcode.lang.swift; };
		3753473B1B3AFF010089AB7F /* Base */ = {isa = PBXFileReference; lastKnownFileType = file.storyboard; name = Base; path = Base.lproj/Main.storyboard; sourceTree = "<group>"; };
		3753473D1B3AFF010089AB7F /* Assets.xcassets */ = {isa = PBXFileReference; lastKnownFileType = folder.assetcatalog; path = Assets.xcassets; sourceTree = "<group>"; };
		375347401B3AFF010089AB7F /* Base */ = {isa = PBXFileReference; lastKnownFileType = file.xib; name = Base; path = Base.lproj/LaunchScreen.xib; sourceTree = "<group>"; };
		3767662A296E397100E7345E /* UIButton.Configuration+Extensions.swift */ = {isa = PBXFileReference; lastKnownFileType = sourcecode.swift; path = "UIButton.Configuration+Extensions.swift"; sourceTree = "<group>"; };
		3767662C296E3BBF00E7345E /* AnimatedButton.swift */ = {isa = PBXFileReference; lastKnownFileType = sourcecode.swift; path = AnimatedButton.swift; sourceTree = "<group>"; };
		3767956F1B52DDDD007E6CBC /* Scheduler.swift */ = {isa = PBXFileReference; fileEncoding = 4; lastKnownFileType = sourcecode.swift; lineEnding = 0; path = Scheduler.swift; sourceTree = "<group>"; xcLanguageSpecificationIdentifier = xcode.lang.swift; };
		37B6EEAC296DD71A00467643 /* Colors.swift */ = {isa = PBXFileReference; lastKnownFileType = sourcecode.swift; path = Colors.swift; sourceTree = "<group>"; };
		37B6EEAE296E019F00467643 /* EmptyCell.swift */ = {isa = PBXFileReference; lastKnownFileType = sourcecode.swift; path = EmptyCell.swift; sourceTree = "<group>"; };
		37B6EEB2296E26E800467643 /* SecondaryButton.swift */ = {isa = PBXFileReference; lastKnownFileType = sourcecode.swift; path = SecondaryButton.swift; sourceTree = "<group>"; };
		37CBA529296DABDD0043596C /* FilledCell.swift */ = {isa = PBXFileReference; lastKnownFileType = sourcecode.swift; path = FilledCell.swift; sourceTree = "<group>"; };
		37EFAC061C94C40F00D1DC76 /* Pomodoro.swift */ = {isa = PBXFileReference; fileEncoding = 4; lastKnownFileType = sourcecode.swift; path = Pomodoro.swift; sourceTree = "<group>"; };
		37EFAC081C94C83200D1DC76 /* TimerState.swift */ = {isa = PBXFileReference; fileEncoding = 4; lastKnownFileType = sourcecode.swift; path = TimerState.swift; sourceTree = "<group>"; };
		37F0A0002A00000100AAA001 /* TimerTextView.swift */ = {isa = PBXFileReference; lastKnownFileType = sourcecode.swift; path = TimerTextView.swift; sourceTree = "<group>"; };
		37F0A0022A00000100AAA002 /* SettingsView.swift */ = {isa = PBXFileReference; lastKnownFileType = sourcecode.swift; path = SettingsView.swift; sourceTree = "<group>"; };
		37F0A0032A00000100AAA003 /* OptionSelectionView.swift */ = {isa = PBXFileReference; lastKnownFileType = sourcecode.swift; path = OptionSelectionView.swift; sourceTree = "<group>"; };
/* End PBXFileReference section */

/* Begin PBXFrameworksBuildPhase section */
		3753472C1B3AFF010089AB7F /* Frameworks */ = {
			isa = PBXFrameworksBuildPhase;
			buildActionMask = 2147483647;
			files = (
				3774E53A296799AF00BEAFBA /* SnapKit in Frameworks */,
			);
			runOnlyForDeploymentPostprocessing = 0;
		};
/* End PBXFrameworksBuildPhase section */

/* Begin PBXGroup section */
		375347261B3AFF010089AB7F = {
			isa = PBXGroup;
			children = (
				375347311B3AFF010089AB7F /* Tomato Flow */,
				375347301B3AFF010089AB7F /* Products */,
			);
			indentWidth = 2;
			sourceTree = "<group>";
		};
		375347301B3AFF010089AB7F /* Products */ = {
			isa = PBXGroup;
			children = (
				3753472F1B3AFF010089AB7F /* Tomato Flow.app */,
			);
			name = Products;
			sourceTree = "<group>";
		};
		375347311B3AFF010089AB7F /* Tomato Flow */ = {
			isa = PBXGroup;
			children = (
				37FE4A8D1B5289D200280C97 /* Model */,
				37FE4A8C1B5289BE00280C97 /* Controller */,
				37FE4A8B1B5289A600280C97 /* View */,
				375347321B3AFF010089AB7F /* Supporting Files */,
			);
			path = "Tomato Flow";
			sourceTree = "<group>";
		};
		375347321B3AFF010089AB7F /* Supporting Files */ = {
			isa = PBXGroup;
			children = (
				375347341B3AFF010089AB7F /* AppDelegate.swift */,
				3753473D1B3AFF010089AB7F /* Assets.xcassets */,
				375347331B3AFF010089AB7F /* Info.plist */,
				3753473F1B3AFF010089AB7F /* LaunchScreen.xib */,
			);
			name = "Supporting Files";
			sourceTree = "<group>";
		};
		37FE4A8B1B5289A600280C97 /* View */ = {
			isa = PBXGroup;
			children = (
				3753473A1B3AFF010089AB7F /* Main.storyboard */,
				37CBA529296DABDD0043596C /* FilledCell.swift */,
				37B6EEAC296DD71A00467643 /* Colors.swift */,
				37B6EEAE296E019F00467643 /* EmptyCell.swift */,
				37B6EEB2296E26E800467643 /* SecondaryButton.swift */,
				3767662A296E397100E7345E /* UIButton.Configuration+Extensions.swift */,
				3767662C296E3BBF00E7345E /* AnimatedButton.swift */,
				37F0A0002A00000100AAA001 /* TimerTextView.swift */,
				37F0A0022A00000100AAA002 /* SettingsView.swift */,
				37F0A0032A00000100AAA003 /* OptionSelectionView.swift */,
			);
			name = View;
			sourceTree = "<group>";
		};
		37FE4A8C1B5289BE00280C97 /* Controller */ = {
			isa = PBXGroup;
			children = (
				375347361B3AFF010089AB7F /* TimerViewController.swift */,
				373799481B49DB6E0025260A /* SettingsViewController.swift */,
				3737994C1B4B01250025260A /* PickerViewController.swift */,
			);
			name = Controller;
			sourceTree = "<group>";
		};
		37FE4A8D1B5289D200280C97 /* Model */ = {
			isa = PBXGroup;
			children = (
				3737994A1B4ABA160025260A /* SettingsManager.swift */,
				3737994E1B4C153B0025260A /* PickerType.swift */,
				3767956F1B52DDDD007E6CBC /* Scheduler.swift */,
				37EFAC061C94C40F00D1DC76 /* Pomodoro.swift */,
				37EFAC081C94C83200D1DC76 /* TimerState.swift */,
			);
			name = Model;
			sourceTree = "<group>";
		};
/* End PBXGroup section */

/* Begin PBXNativeTarget section */
		3753472E1B3AFF010089AB7F /* Tomato Flow */ = {
			isa = PBXNativeTarget;
			buildConfigurationList = 375347501B3AFF010089AB7F /* Build configuration list for PBXNativeTarget "Tomato Flow" */;
			buildPhases = (
				3753472B1B3AFF010089AB7F /* Sources */,
				3753472C1B3AFF010089AB7F /* Frameworks */,
				3753472D1B3AFF010089AB7F /* Resources */,
			);
			buildRules = (
			);
			dependencies = (
			);
			name = "Tomato Flow";
			packageProductDependencies = (
				3774E539296799AF00BEAFBA /* SnapKit */,
			);
			productName = "Pomodoro Flow";
			productReference = 3753472F1B3AFF010089AB7F /* Tomato Flow.app */;
			productType = "com.apple.product-type.application";
		};
/* End PBXNativeTarget section */

/* Begin PBXProject section */
		375347271B3AFF010089AB7F /* Project object */ = {
			isa = PBXProject;
			attributes = {
				BuildIndependentTargetsInParallel = YES;
				LastSwiftMigration = 0700;
				LastSwiftUpdateCheck = 0700;
				LastUpgradeCheck = 2600;
				ORGANIZATIONNAME = "Dan K.";
				TargetAttributes = {
					3753472E1B3AFF010089AB7F = {
						CreatedOnToolsVersion = 6.3.2;
						LastSwiftMigration = 0830;
						SystemCapabilities = {
							com.apple.Wallet = {
								enabled = 0;
							};
						};
					};
				};
			};
			buildConfigurationList = 3753472A1B3AFF010089AB7F /* Build configuration list for PBXProject "Tomato Flow" */;
			compatibilityVersion = "Xcode 14.0";
			developmentRegion = en;
			hasScannedForEncodings = 0;
			knownRegions = (
				en,
				Base,
			);
			mainGroup = 375347261B3AFF010089AB7F;
			packageReferences = (
				3774E538296799AF00BEAFBA /* XCRemoteSwiftPackageReference "SnapKit" */,
			);
			productRefGroup = 375347301B3AFF010089AB7F /* Products */;
			projectDirPath = "";
			projectRoot = "";
			targets = (
				3753472E1B3AFF010089AB7F /* Tomato Flow */,
			);
		};
/* End PBXProject section */

/* Begin PBXResourcesBuildPhase section */
		3753472D1B3AFF010089AB7F /* Resources */ = {
			isa = PBXResourcesBuildPhase;
			buildActionMask = 2147483647;
			files = (
				3753473C1B3AFF010089AB7F /* Main.storyboard in Resources */,
				375347411B3AFF010089AB7F /* LaunchScreen.xib in Resources */,
				3753473E1B3AFF010089AB7F /* Assets.xcassets in Resources */,
			);
			runOnlyForDeploymentPostprocessing = 0;
		};
/* End PBXResourcesBuildPhase section */

/* Begin PBXSourcesBuildPhase section */
		3753472B1B3AFF010089AB7F /* Sources */ = {
			isa = PBXSourcesBuildPhase;
			buildActionMask = 2147483647;
			files = (
				3737994F1B4C153B0025260A /* PickerType.swift in Sources */,
				37B6EEAD296DD71A00467643 /* Colors.swift in Sources */,
				373799491B49DB6E0025260A /* SettingsViewController.swift in Sources */,
				3737994D1B4B01250025260A /* PickerViewController.swift in Sources */,
				37EFAC071C94C40F00D1DC76 /* Pomodoro.swift in Sources */,
				37B6EEB3296E26E800467643 /* SecondaryButton.swift in Sources */,
				37B6EEAF296E019F00467643 /* EmptyCell.swift in Sources */,
				375347351B3AFF010089AB7F /* AppDelegate.swift in Sources */,
				3767662B296E397100E7345E /* UIButton.Configuration+Extensions.swift in Sources */,
				3737994B1B4ABA160025260A /* SettingsManager.swift in Sources */,
				375347371B3AFF010089AB7F /* TimerViewController.swift in Sources */,
				37CBA52A296DABDD0043596C /* FilledCell.swift in Sources */,
				37EFAC091C94C83200D1DC76 /* TimerState.swift in Sources */,
				3767662D296E3BBF00E7345E /* AnimatedButton.swift in Sources */,
				376795701B52DDDD007E6CBC /* Scheduler.swift in Sources */,
				37F0A0012A00000100AAA001 /* TimerTextView.swift in Sources */,
				37F0A0042A00000100AAA004 /* SettingsView.swift in Sources */,
				37F0A0052A00000100AAA005 /* OptionSelectionView.swift in Sources */,
			);
			runOnlyForDeploymentPostprocessing = 0;
		};
/* End PBXSourcesBuildPhase section */

/* Begin PBXVariantGroup section */
		3753473A1B3AFF010089AB7F /* Main.storyboard */ = {
			isa = PBXVariantGroup;
			children = (
				3753473B1B3AFF010089AB7F /* Base */,
			);
			name = Main.storyboard;
			sourceTree = "<group>";
		};
		3753473F1B3AFF010089AB7F /* LaunchScreen.xib */ = {
			isa = PBXVariantGroup;
			children = (
				375347401B3AFF010089AB7F /* Base */,
			);
			name = LaunchScreen.xib;
			sourceTree = "<group>";
		};
/* End PBXVariantGroup section */

/* Begin XCBuildConfiguration section */
		3753474E1B3AFF010089AB7F /* Debug */ = {
			isa = XCBuildConfiguration;
			buildSettings = {
				ALWAYS_SEARCH_USER_PATHS = NO;
				ASSETCATALOG_COMPILER_GENERATE_SWIFT_ASSET_SYMBOL_EXTENSIONS = YES;
				CLANG_ANALYZER_LOCALIZABILITY_NONLOCALIZED = YES;
				CLANG_CXX_LANGUAGE_STANDARD = "gnu++0x";
				CLANG_CXX_LIBRARY = "libc++";
				CLANG_ENABLE_MODULES = YES;
				CLANG_ENABLE_OBJC_ARC = YES;
				CLANG_WARN_BLOCK_CAPTURE_AUTORELEASING = YES;
				CLANG_WARN_BOOL_CONVERSION = YES;
				CLANG_WARN_COMMA = YES;
				CLANG_WARN_CONSTANT_CONVERSION = YES;
				CLANG_WARN_DEPRECATED_OBJC_IMPLEMENTATIONS = YES;
				CLANG_WARN_DIRECT_OBJC_ISA_USAGE = YES_ERROR;
				CLANG_WARN_EMPTY_BODY = YES;
				CLANG_WARN_ENUM_CONVERSION = YES;
				CLANG_WARN_INFINITE_RECURSION = YES;
				CLANG_WARN_INT_CONVERSION = YES;
				CLANG_WARN_NON_LITERAL_NULL_CONVERSION = YES;
				CLANG_WARN_OBJC_IMPLICIT_RETAIN_SELF = YES;
				CLANG_WARN_OBJC_LITERAL_CONVERSION = YES;
				CLANG_WARN_OBJC_ROOT_CLASS = YES_ERROR;
				CLANG_WARN_QUOTED_INCLUDE_IN_FRAMEWORK_HEADER = YES;
				CLANG_WARN_RANGE_LOOP_ANALYSIS = YES;
				CLANG_WARN_STRICT_PROTOTYPES = YES;
				CLANG_WARN_SUSPICIOUS_MOVE = YES;
				CLANG_WARN_UNREACHABLE_CODE = YES;
				CLANG_WARN__DUPLICATE_METHOD_MATCH = YES;
				"CODE_SIGN_IDENTITY[sdk=iphoneos*]" = "iPhone Developer";
				COPY_PHASE_STRIP = NO;
				DEBUG_INFORMATION_FORMAT = "dwarf-with-dsym";
				DEVELOPMENT_TEAM = B2K4X3ZJDS;
				ENABLE_STRICT_OBJC_MSGSEND = YES;
				ENABLE_TESTABILITY = YES;
				ENABLE_USER_SCRIPT_SANDBOXING = YES;
				GCC_C_LANGUAGE_STANDARD = gnu99;
				GCC_DYNAMIC_NO_PIC = NO;
				GCC_NO_COMMON_BLOCKS = YES;
				GCC_OPTIMIZATION_LEVEL = 0;
				GCC_PREPROCESSOR_DEFINITIONS = (
					"DEBUG=1",
					"$(inherited)",
				);
				GCC_SYMBOLS_PRIVATE_EXTERN = NO;
				GCC_WARN_64_TO_32_BIT_CONVERSION = YES;
				GCC_WARN_ABOUT_RETURN_TYPE = YES_ERROR;
				GCC_WARN_UNDECLARED_SELECTOR = YES;
				GCC_WARN_UNINITIALIZED_AUTOS = YES_AGGRESSIVE;
				GCC_WARN_UNUSED_FUNCTION = YES;
				GCC_WARN_UNUSED_VARIABLE = YES;
				IPHONEOS_DEPLOYMENT_TARGET = 12.0;
				MTL_ENABLE_DEBUG_INFO = YES;
				ONLY_ACTIVE_ARCH = YES;
				SDKROOT = iphoneos;
				STRING_CATALOG_GENERATE_SYMBOLS = YES;
				"SWIFT_ACTIVE_COMPILATION_CONDITIONS[arch=*]" = DEBUG;
				SWIFT_OPTIMIZATION_LEVEL = "-Onone";
			};
			name = Debug;
		};
		3753474F1B3AFF010089AB7F /* Release */ = {
			isa = XCBuildConfiguration;
			buildSettings = {
				ALWAYS_SEARCH_USER_PATHS = NO;
				ASSETCATALOG_COMPILER_GENERATE_SWIFT_ASSET_SYMBOL_EXTENSIONS = YES;
				CLANG_ANALYZER_LOCALIZABILITY_NONLOCALIZED = YES;
				CLANG_CXX_LANGUAGE_STANDARD = "gnu++0x";
				CLANG_CXX_LIBRARY = "libc++";
				CLANG_ENABLE_MODULES = YES;
				CLANG_ENABLE_OBJC_ARC = YES;
				CLANG_WARN_BLOCK_CAPTURE_AUTORELEASING = YES;
				CLANG_WARN_BOOL_CONVERSION = YES;
				CLANG_WARN_COMMA = YES;
				CLANG_WARN_CONSTANT_CONVERSION = YES;
				CLANG_WARN_DEPRECATED_OBJC_IMPLEMENTATIONS = YES;
				CLANG_WARN_DIRECT_OBJC_ISA_USAGE = YES_ERROR;
				CLANG_WARN_EMPTY_BODY = YES;
				CLANG_WARN_ENUM_CONVERSION = YES;
				CLANG_WARN_INFINITE_RECURSION = YES;
				CLANG_WARN_INT_CONVERSION = YES;
				CLANG_WARN_NON_LITERAL_NULL_CONVERSION = YES;
				CLANG_WARN_OBJC_IMPLICIT_RETAIN_SELF = YES;
				CLANG_WARN_OBJC_LITERAL_CONVERSION = YES;
				CLANG_WARN_OBJC_ROOT_CLASS = YES_ERROR;
				CLANG_WARN_QUOTED_INCLUDE_IN_FRAMEWORK_HEADER = YES;
				CLANG_WARN_RANGE_LOOP_ANALYSIS = YES;
				CLANG_WARN_STRICT_PROTOTYPES = YES;
				CLANG_WARN_SUSPICIOUS_MOVE = YES;
				CLANG_WARN_UNREACHABLE_CODE = YES;
				CLANG_WARN__DUPLICATE_METHOD_MATCH = YES;
				"CODE_SIGN_IDENTITY[sdk=iphoneos*]" = "iPhone Developer";
				COPY_PHASE_STRIP = NO;
				DEBUG_INFORMATION_FORMAT = "dwarf-with-dsym";
				DEVELOPMENT_TEAM = B2K4X3ZJDS;
				ENABLE_NS_ASSERTIONS = NO;
				ENABLE_STRICT_OBJC_MSGSEND = YES;
				ENABLE_USER_SCRIPT_SANDBOXING = YES;
				GCC_C_LANGUAGE_STANDARD = gnu99;
				GCC_NO_COMMON_BLOCKS = YES;
				GCC_WARN_64_TO_32_BIT_CONVERSION = YES;
				GCC_WARN_ABOUT_RETURN_TYPE = YES_ERROR;
				GCC_WARN_UNDECLARED_SELECTOR = YES;
				GCC_WARN_UNINITIALIZED_AUTOS = YES_AGGRESSIVE;
				GCC_WARN_UNUSED_FUNCTION = YES;
				GCC_WARN_UNUSED_VARIABLE = YES;
				IPHONEOS_DEPLOYMENT_TARGET = 12.0;
				MTL_ENABLE_DEBUG_INFO = NO;
				SDKROOT = iphoneos;
				STRING_CATALOG_GENERATE_SYMBOLS = YES;
				SWIFT_COMPILATION_MODE = wholemodule;
				VALIDATE_PRODUCT = YES;
			};
			name = Release;
		};
		375347511B3AFF010089AB7F /* Debug */ = {
			isa = XCBuildConfiguration;
			buildSettings = {
				ASSETCATALOG_COMPILER_APPICON_NAME = AppIcon;
				CODE_SIGN_IDENTITY = "iPhone Developer";
				"CODE_SIGN_IDENTITY[sdk=iphoneos*]" = "iPhone Developer";
				CURRENT_PROJECT_VERSION = 15;
				INFOPLIST_FILE = "Tomato Flow/Info.plist";
				IPHONEOS_DEPLOYMENT_TARGET = 16.6;
				LD_RUNPATH_SEARCH_PATHS = (
					"$(inherited)",
					"@executable_path/Frameworks",
				);
				MARKETING_VERSION = 1.1.2;
				PRODUCT_BUNDLE_IDENTIFIER = co.itsdn.PomodoroFlow;
				PRODUCT_NAME = "$(TARGET_NAME)";
				PROVISIONING_PROFILE = "";
				SWIFT_VERSION = 5.0;
			};
			name = Debug;
		};
		375347521B3AFF010089AB7F /* Release */ = {
			isa = XCBuildConfiguration;
			buildSettings = {
				ASSETCATALOG_COMPILER_APPICON_NAME = AppIcon;
				CODE_SIGN_IDENTITY = "iPhone Developer";
				"CODE_SIGN_IDENTITY[sdk=iphoneos*]" = "iPhone Developer";
				CURRENT_PROJECT_VERSION = 15;
				INFOPLIST_FILE = "Tomato Flow/Info.plist";
				IPHONEOS_DEPLOYMENT_TARGET = 16.6;
				LD_RUNPATH_SEARCH_PATHS = (
					"$(inherited)",
					"@executable_path/Frameworks",
				);
				MARKETING_VERSION = 1.1.2;
				PRODUCT_BUNDLE_IDENTIFIER = co.itsdn.PomodoroFlow;
				PRODUCT_NAME = "$(TARGET_NAME)";
				PROVISIONING_PROFILE = "";
				SWIFT_VERSION = 5.0;
			};
			name = Release;
		};
/* End XCBuildConfiguration section */

/* Begin XCConfigurationList section */
		3753472A1B3AFF010089AB7F /* Build configuration list for PBXProject "Tomato Flow" */ = {
			isa = XCConfigurationList;
			buildConfigurations = (
				3753474E1B3AFF010089AB7F /* Debug */,
				3753474F1B3AFF010089AB7F /* Release */,
			);
			defaultConfigurationIsVisible = 0;
			defaultConfigurationName = Release;
		};
		375347501B3AFF010089AB7F /* Build configuration list for PBXNativeTarget "Tomato Flow" */ = {
			isa = XCConfigurationList;
			buildConfigurations = (
				375347511B3AFF010089AB7F /* Debug */,
				375347521B3AFF010089AB7F /* Release */,
			);
			defaultConfigurationIsVisible = 0;
			defaultConfigurationName = Release;
		};
/* End XCConfigurationList section */

/* Begin XCRemoteSwiftPackageReference section */
		3774E538296799AF00BEAFBA /* XCRemoteSwiftPackageReference "SnapKit" */ = {
			isa = XCRemoteSwiftPackageReference;
			repositoryURL = "https://github.com/SnapKit/SnapKit.git";
			requirement = {
				kind = upToNextMajorVersion;
				minimumVersion = 5.0.0;
			};
		};
/* End XCRemoteSwiftPackageReference section */

/* Begin XCSwiftPackageProductDependency section */
		3774E539296799AF00BEAFBA /* SnapKit */ = {
			isa = XCSwiftPackageProductDependency;
			package = 3774E538296799AF00BEAFBA /* XCRemoteSwiftPackageReference "SnapKit" */;
			productName = SnapKit;
		};
/* End XCSwiftPackageProductDependency section */
	};
	rootObject = 375347271B3AFF010089AB7F /* Project object */;
}
